
Microsoft Visual Studio Solution File, Format Version 12.00
# Visual Studio 15
VisualStudioVersion = 15.0.26730.3
MinimumVisualStudioVersion = 10.0.40219.1
Project("{8BC9CEB8-8B4A-11D0-8D11-00A0C91BC942}") = "Main_Controller", "Main_Controller\Main_Controller.vcxproj", "{C5F80730-F44F-4478-BDAE-6634EFC2CA88}"
EndProject
Project("{8BC9CEB8-8B4A-11D0-8D11-00A0C91BC942}") = "TesterApplication", "ConsoleApplication1\ConsoleApplication1.vcxproj", "{E8E3C1DC-406C-4A5B-A733-1E911F199F0B}"
EndProject
Global
	GlobalSection(SolutionConfigurationPlatforms) = preSolution
		Debug|x64 = Debug|x64
		Debug|x86 = Debug|x86
		Release|x64 = Release|x64
		Release|x86 = Release|x86
	EndGlobalSection
	GlobalSection(ProjectConfigurationPlatforms) = postSolution
		{C5F80730-F44F-4478-BDAE-6634EFC2CA88}.Debug|x64.ActiveCfg = Debug|Win32
		{C5F80730-F44F-4478-BDAE-6634EFC2CA88}.Debug|x86.ActiveCfg = Debug|Win32
		{C5F80730-F44F-4478-BDAE-6634EFC2CA88}.Debug|x86.Build.0 = Debug|Win32
		{C5F80730-F44F-4478-BDAE-6634EFC2CA88}.Release|x64.ActiveCfg = Release|Win32
		{C5F80730-F44F-4478-BDAE-6634EFC2CA88}.Release|x86.ActiveCfg = Release|Win32
		{C5F80730-F44F-4478-BDAE-6634EFC2CA88}.Release|x86.Build.0 = Release|Win32
		{E8E3C1DC-406C-4A5B-A733-1E911F199F0B}.Debug|x64.ActiveCfg = Debug|x64
		{E8E3C1DC-406C-4A5B-A733-1E911F199F0B}.Debug|x64.Build.0 = Debug|x64
		{E8E3C1DC-406C-4A5B-A733-1E911F199F0B}.Debug|x86.ActiveCfg = Debug|Win32
		{E8E3C1DC-406C-4A5B-A733-1E911F199F0B}.Debug|x86.Build.0 = Debug|Win32
		{E8E3C1DC-406C-4A5B-A733-1E911F199F0B}.Release|x64.ActiveCfg = Release|x64
		{E8E3C1DC-406C-4A5B-A733-1E911F199F0B}.Release|x64.Build.0 = Release|x64
		{E8E3C1DC-406C-4A5B-A733-1E911F199F0B}.Release|x86.ActiveCfg = Release|Win32
		{E8E3C1DC-406C-4A5B-A733-1E911F199F0B}.Release|x86.Build.0 = Release|Win32
	EndGlobalSection
	GlobalSection(SolutionProperties) = preSolution
		HideSolutionNode = FALSE
	EndGlobalSection
	GlobalSection(ExtensibilityGlobals) = postSolution
		SolutionGuid = {75B8C774-E17F-45B4-B135-76E5EDB0A6AC}
	EndGlobalSection
EndGlobal
