<?xml version="1.0" encoding="utf-8"?>
<Project ToolsVersion="4.0" xmlns="http://schemas.microsoft.com/developer/msbuild/2003">
  <ItemGroup>
    <Filter Include="Source Files">
      <UniqueIdentifier>{4FC737F1-C7A5-4376-A066-2A32D752A2FF}</UniqueIdentifier>
      <Extensions>cpp;c;cc;cxx;def;odl;idl;hpj;bat;asm;asmx</Extensions>
    </Filter>
    <Filter Include="Header Files">
      <UniqueIdentifier>{93995380-89BD-4b04-88EB-625FBE52EBFB}</UniqueIdentifier>
      <Extensions>h;hh;hpp;hxx;hm;inl;inc;xsd</Extensions>
    </Filter>
    <Filter Include="Resource Files">
      <UniqueIdentifier>{67DA6AB6-F800-4c08-8B7A-83BB121AAD01}</UniqueIdentifier>
      <Extensions>rc;ico;cur;bmp;dlg;rc2;rct;bin;rgs;gif;jpg;jpeg;jpe;resx;tiff;tif;png;wav;mfcribbon-ms</Extensions>
    </Filter>
  </ItemGroup>
  <ItemGroup>
    <None Include="Main_Controller.ino" />
    <None Include="Readme.md" />
  </ItemGroup>
  <ItemGroup>
    <ClInclude Include="__vm\.Main_Controller.vsarduino.h">
      <Filter>Header Files</Filter>
    </ClInclude>
    <ClInclude Include="StateProcessor.h">
      <Filter>Header Files</Filter>
    </ClInclude>
    <ClInclude Include="Appliable.h">
      <Filter>Header Files</Filter>
    </ClInclude>
    <ClInclude Include="AutostopTimer.h">
      <Filter>Header Files</Filter>
    </ClInclude>
    <ClInclude Include="DiskLed.h">
      <Filter>Header Files</Filter>
    </ClInclude>
    <ClInclude Include="Events.h">
      <Filter>Header Files</Filter>
    </ClInclude>
    <ClInclude Include="Microlift.h">
      <Filter>Header Files</Filter>
    </ClInclude>
    <ClInclude Include="Motor.h">
      <Filter>Header Files</Filter>
    </ClInclude>
    <ClInclude Include="Relays.h">
      <Filter>Header Files</Filter>
    </ClInclude>
    <ClInclude Include="SpeedButtons.h">
      <Filter>Header Files</Filter>
    </ClInclude>
    <ClInclude Include="State.h">
      <Filter>Header Files</Filter>
    </ClInclude>
    <ClInclude Include="TonearmButtons.h">
      <Filter>Header Files</Filter>
    </ClInclude>
    <ClInclude Include="TonearmState.h">
      <Filter>Header Files</Filter>
    </ClInclude>
    <ClInclude Include="ArduinoHeader.h">
      <Filter>Header Files</Filter>
    </ClInclude>
    <ClInclude Include="PinConstants.h">
      <Filter>Header Files</Filter>
    </ClInclude>
    <ClInclude Include="JoystickUpDownState.h">
      <Filter>Header Files</Filter>
    </ClInclude>
    <ClInclude Include="DueTimer.h">
      <Filter>Header Files</Filter>
    </ClInclude>
    <ClInclude Include="EventFunctions.h">
      <Filter>Header Files</Filter>
    </ClInclude>
    <ClInclude Include="Stroboscope.h">
      <Filter>Header Files</Filter>
    </ClInclude>
    <ClInclude Include="DebugFunctions.h">
      <Filter>Header Files</Filter>
    </ClInclude>
     <ClInclude Include="TonearmPositionStateMachine.h">
      <Filter>Header Files</Filter>
    </ClInclude>
    <ClInclude Include="UnitStateMachine.h">
      <Filter>Header Files</Filter>
    </ClInclude>
    <ClInclude Include="SensorsState.h">
      <Filter>Header Files</Filter>
    </ClInclude>
  </ItemGroup>
  <ItemGroup>
    <ClCompile Include="AutostopTimer.cpp">
      <Filter>Source Files</Filter>
    </ClCompile>
    <ClCompile Include="DiskLed.cpp">
      <Filter>Source Files</Filter>
    </ClCompile>
    <ClCompile Include="Events.cpp">
      <Filter>Source Files</Filter>
    </ClCompile>
    <ClCompile Include="Microlift.cpp">
      <Filter>Source Files</Filter>
    </ClCompile>
    <ClCompile Include="Motor.cpp">
      <Filter>Source Files</Filter>
    </ClCompile>
    <ClCompile Include="Relays.cpp">
      <Filter>Source Files</Filter>
    </ClCompile>
    <ClCompile Include="SpeedButtons.cpp">
      <Filter>Source Files</Filter>
    </ClCompile>
    <ClCompile Include="TonearmButtons.cpp">
      <Filter>Source Files</Filter>
    </ClCompile>
    <ClCompile Include="TonearmState.cpp">
      <Filter>Source Files</Filter>
    </ClCompile>
    <ClCompile Include="StateProcessor.cpp">
      <Filter>Source Files</Filter>
    </ClCompile>
    <ClCompile Include="State.cpp">
      <Filter>Source Files</Filter>
    </ClCompile>
    <ClCompile Include="JoystickUpDownState.cpp">
      <Filter>Source Files</Filter>
    </ClCompile>
    <ClCompile Include="DueTimer.cpp">
      <Filter>Source Files</Filter>
    </ClCompile>
    <ClCompile Include="EventFunctions.cpp">
      <Filter>Source Files</Filter>
    </ClCompile>
    <ClCompile Include="Stroboscope.cpp">
      <Filter>Source Files</Filter>
    </ClCompile>
    <ClCompile Include="DebugFunctions.cpp">
      <Filter>Source Files</Filter>
    </ClCompile>
    <ClCompile Include="PinInitFunctions.cpp">
      <Filter>Source Files</Filter>
    </ClCompile>
    <ClCompile Include="Initializers.cpp">
      <Filter>Source Files</Filter>
    </ClCompile>
    <ClCompile Include="TonearmPositionStateMachine.cpp">
      <Filter>Source Files</Filter>
    </ClCompile>
    <ClCompile Include="UnitStateMachine.cpp">
      <Filter>Source Files</Filter>
    </ClCompile>
    <ClCompile Include="SensorsState.cpp">
      <Filter>Source Files</Filter>
    </ClCompile>
  </ItemGroup>
</Project>